// !$*UTF8*$!
{
	archiveVersion = 1;
	classes = {
	};
	objectVersion = 50;
	objects = {

/* Begin PBXBuildFile section */
		36B4C6B425C87DBF003A53B7 /* AppDelegate.swift in Sources */ = {isa = PBXBuildFile; fileRef = 36B4C6B325C87DBF003A53B7 /* AppDelegate.swift */; };
		36B4C6B625C87DBF003A53B7 /* SceneDelegate.swift in Sources */ = {isa = PBXBuildFile; fileRef = 36B4C6B525C87DBF003A53B7 /* SceneDelegate.swift */; };
		36B4C6B825C87DBF003A53B7 /* ViewController.swift in Sources */ = {isa = PBXBuildFile; fileRef = 36B4C6B725C87DBF003A53B7 /* ViewController.swift */; };
		36B4C6BB25C87DBF003A53B7 /* Main.storyboard in Resources */ = {isa = PBXBuildFile; fileRef = 36B4C6B925C87DBF003A53B7 /* Main.storyboard */; };
		36B4C6BD25C87DC3003A53B7 /* Assets.xcassets in Resources */ = {isa = PBXBuildFile; fileRef = 36B4C6BC25C87DC3003A53B7 /* Assets.xcassets */; };
		36B4C6C025C87DC3003A53B7 /* LaunchScreen.storyboard in Resources */ = {isa = PBXBuildFile; fileRef = 36B4C6BE25C87DC3003A53B7 /* LaunchScreen.storyboard */; };
/* End PBXBuildFile section */

/* Begin PBXFileReference section */
		36B4C6B025C87DBF003A53B7 /* PreWork.app */ = {isa = PBXFileReference; explicitFileType = wrapper.application; includeInIndex = 0; path = PreWork.app; sourceTree = BUILT_PRODUCTS_DIR; };
		36B4C6B325C87DBF003A53B7 /* AppDelegate.swift */ = {isa = PBXFileReference; lastKnownFileType = sourcecode.swift; path = AppDelegate.swift; sourceTree = "<group>"; };
		36B4C6B525C87DBF003A53B7 /* SceneDelegate.swift */ = {isa = PBXFileReference; lastKnownFileType = sourcecode.swift; path = SceneDelegate.swift; sourceTree = "<group>"; };
		36B4C6B725C87DBF003A53B7 /* ViewController.swift */ = {isa = PBXFileReference; lastKnownFileType = sourcecode.swift; path = ViewController.swift; sourceTree = "<group>"; };
		36B4C6BA25C87DBF003A53B7 /* Base */ = {isa = PBXFileReference; lastKnownFileType = file.storyboard; name = Base; path = Base.lproj/Main.storyboard; sourceTree = "<group>"; };
		36B4C6BC25C87DC3003A53B7 /* Assets.xcassets */ = {isa = PBXFileReference; lastKnownFileType = folder.assetcatalog; path = Assets.xcassets; sourceTree = "<group>"; };
		36B4C6BF25C87DC3003A53B7 /* Base */ = {isa = PBXFileReference; lastKnownFileType = file.storyboard; name = Base; path = Base.lproj/LaunchScreen.storyboard; sourceTree = "<group>"; };
		36B4C6C125C87DC3003A53B7 /* Info.plist */ = {isa = PBXFileReference; lastKnownFileType = text.plist.xml; path = Info.plist; sourceTree = "<group>"; };
/* End PBXFileReference section */

/* Begin PBXFrameworksBuildPhase section */
		36B4C6AD25C87DBF003A53B7 /* Frameworks */ = {
			isa = PBXFrameworksBuildPhase;
			buildActionMask = 2147483647;
			files = (
			);
			runOnlyForDeploymentPostprocessing = 0;
		};
/* End PBXFrameworksBuildPhase section */

/* Begin PBXGroup section */
		36B4C6A725C87DBF003A53B7 = {
			isa = PBXGroup;
			children = (
				36B4C6B225C87DBF003A53B7 /* PreWork */,
				36B4C6B125C87DBF003A53B7 /* Products */,
			);
			sourceTree = "<group>";
		};
		36B4C6B125C87DBF003A53B7 /* Products */ = {
			isa = PBXGroup;
			children = (
				36B4C6B025C87DBF003A53B7 /* PreWork.app */,
			);
			name = Products;
			sourceTree = "<group>";
		};
		36B4C6B225C87DBF003A53B7 /* PreWork */ = {
			isa = PBXGroup;
			children = (
				36B4C6B325C87DBF003A53B7 /* AppDelegate.swift */,
				36B4C6B525C87DBF003A53B7 /* SceneDelegate.swift */,
				36B4C6B725C87DBF003A53B7 /* ViewController.swift */,
				36B4C6B925C87DBF003A53B7 /* Main.storyboard */,
				36B4C6BC25C87DC3003A53B7 /* Assets.xcassets */,
				36B4C6BE25C87DC3003A53B7 /* LaunchScreen.storyboard */,
				36B4C6C125C87DC3003A53B7 /* Info.plist */,
			);
			path = PreWork;
			sourceTree = "<group>";
		};
/* End PBXGroup section */

/* Begin PBXNativeTarget section */
		36B4C6AF25C87DBF003A53B7 /* PreWork */ = {
			isa = PBXNativeTarget;
			buildConfigurationList = 36B4C6C425C87DC3003A53B7 /* Build configuration list for PBXNativeTarget "PreWork" */;
			buildPhases = (
				36B4C6AC25C87DBF003A53B7 /* Sources */,
				36B4C6AD25C87DBF003A53B7 /* Frameworks */,
				36B4C6AE25C87DBF003A53B7 /* Resources */,
			);
			buildRules = (
			);
			dependencies = (
			);
			name = PreWork;
			productName = PreWork;
			productReference = 36B4C6B025C87DBF003A53B7 /* PreWork.app */;
			productType = "com.apple.product-type.application";
		};
/* End PBXNativeTarget section */

/* Begin PBXProject section */
		36B4C6A825C87DBF003A53B7 /* Project object */ = {
			isa = PBXProject;
			attributes = {
				LastSwiftUpdateCheck = 1240;
				LastUpgradeCheck = 1240;
				TargetAttributes = {
					36B4C6AF25C87DBF003A53B7 = {
						CreatedOnToolsVersion = 12.4;
					};
				};
			};
			buildConfigurationList = 36B4C6AB25C87DBF003A53B7 /* Build configuration list for PBXProject "PreWork" */;
			compatibilityVersion = "Xcode 9.3";
			developmentRegion = en;
			hasScannedForEncodings = 0;
			knownRegions = (
				en,
				Base,
			);
			mainGroup = 36B4C6A725C87DBF003A53B7;
			productRefGroup = 36B4C6B125C87DBF003A53B7 /* Products */;
			projectDirPath = "";
			projectRoot = "";
			targets = (
				36B4C6AF25C87DBF003A53B7 /* PreWork */,
			);
		};
/* End PBXProject section */

/* Begin PBXResourcesBuildPhase section */
		36B4C6AE25C87DBF003A53B7 /* Resources */ = {
			isa = PBXResourcesBuildPhase;
			buildActionMask = 2147483647;
			files = (
				36B4C6C025C87DC3003A53B7 /* LaunchScreen.storyboard in Resources */,
				36B4C6BD25C87DC3003A53B7 /* Assets.xcassets in Resources */,
				36B4C6BB25C87DBF003A53B7 /* Main.storyboard in Resources */,
			);
			runOnlyForDeploymentPostprocessing = 0;
		};
/* End PBXResourcesBuildPhase section */

/* Begin PBXSourcesBuildPhase section */
		36B4C6AC25C87DBF003A53B7 /* Sources */ = {
			isa = PBXSourcesBuildPhase;
			buildActionMask = 2147483647;
			files = (
				36B4C6B825C87DBF003A53B7 /* ViewController.swift in Sources */,
				36B4C6B425C87DBF003A53B7 /* AppDelegate.swift in Sources */,
				36B4C6B625C87DBF003A53B7 /* SceneDelegate.swift in Sources */,
			);
			runOnlyForDeploymentPostprocessing = 0;
		};
/* End PBXSourcesBuildPhase section */

/* Begin PBXVariantGroup section */
		36B4C6B925C87DBF003A53B7 /* Main.storyboard */ = {
			isa = PBXVariantGroup;
			children = (
				36B4C6BA25C87DBF003A53B7 /* Base */,
			);
			name = Main.storyboard;
			sourceTree = "<group>";
		};
		36B4C6BE25C87DC3003A53B7 /* LaunchScreen.storyboard */ = {
			isa = PBXVariantGroup;
			children = (
				36B4C6BF25C87DC3003A53B7 /* Base */,
			);
			name = LaunchScreen.storyboard;
			sourceTree = "<group>";
		};
/* End PBXVariantGroup section */

/* Begin XCBuildConfiguration section */
		36B4C6C225C87DC3003A53B7 /* Debug */ = {
			isa = XCBuildConfiguration;
			buildSettings = {
				ALWAYS_SEARCH_USER_PATHS = NO;
				CLANG_ANALYZER_NONNULL = YES;
				CLANG_ANALYZER_NUMBER_OBJECT_CONVERSION = YES_AGGRESSIVE;
				CLANG_CXX_LANGUAGE_STANDARD = "gnu++14";
				CLANG_CXX_LIBRARY = "libc++";
				CLANG_ENABLE_MODULES = YES;
				CLANG_ENABLE_OBJC_ARC = YES;
				CLANG_ENABLE_OBJC_WEAK = YES;
				CLANG_WARN_BLOCK_CAPTURE_AUTORELEASING = YES;
				CLANG_WARN_BOOL_CONVERSION = YES;
				CLANG_WARN_COMMA = YES;
				CLANG_WARN_CONSTANT_CONVERSION = YES;
				CLANG_WARN_DEPRECATED_OBJC_IMPLEMENTATIONS = YES;
				CLANG_WARN_DIRECT_OBJC_ISA_USAGE = YES_ERROR;
				CLANG_WARN_DOCUMENTATION_COMMENTS = YES;
				CLANG_WARN_EMPTY_BODY = YES;
				CLANG_WARN_ENUM_CONVERSION = YES;
				CLANG_WARN_INFINITE_RECURSION = YES;
				CLANG_WARN_INT_CONVERSION = YES;
				CLANG_WARN_NON_LITERAL_NULL_CONVERSION = YES;
				CLANG_WARN_OBJC_IMPLICIT_RETAIN_SELF = YES;
				CLANG_WARN_OBJC_LITERAL_CONVERSION = YES;
				CLANG_WARN_OBJC_ROOT_CLASS = YES_ERROR;
				CLANG_WARN_QUOTED_INCLUDE_IN_FRAMEWORK_HEADER = YES;
				CLANG_WARN_RANGE_LOOP_ANALYSIS = YES;
				CLANG_WARN_STRICT_PROTOTYPES = YES;
				CLANG_WARN_SUSPICIOUS_MOVE = YES;
				CLANG_WARN_UNGUARDED_AVAILABILITY = YES_AGGRESSIVE;
				CLANG_WARN_UNREACHABLE_CODE = YES;
				CLANG_WARN__DUPLICATE_METHOD_MATCH = YES;
				COPY_PHASE_STRIP = NO;
				DEBUG_INFORMATION_FORMAT = dwarf;
				ENABLE_STRICT_OBJC_MSGSEND = YES;
				ENABLE_TESTABILITY = YES;
				GCC_C_LANGUAGE_STANDARD = gnu11;
				GCC_DYNAMIC_NO_PIC = NO;
				GCC_NO_COMMON_BLOCKS = YES;
				GCC_OPTIMIZATION_LEVEL = 0;
				GCC_PREPROCESSOR_DEFINITIONS = (
					"DEBUG=1",
					"$(inherited)",
				);
				GCC_WARN_64_TO_32_BIT_CONVERSION = YES;
				GCC_WARN_ABOUT_RETURN_TYPE = YES_ERROR;
				GCC_WARN_UNDECLARED_SELECTOR = YES;
				GCC_WARN_UNINITIALIZED_AUTOS = YES_AGGRESSIVE;
				GCC_WARN_UNUSED_FUNCTION = YES;
				GCC_WARN_UNUSED_VARIABLE = YES;
				IPHONEOS_DEPLOYMENT_TARGET = 14.4;
				MTL_ENABLE_DEBUG_INFO = INCLUDE_SOURCE;
				MTL_FAST_MATH = YES;
				ONLY_ACTIVE_ARCH = YES;
				SDKROOT = iphoneos;
				SWIFT_ACTIVE_COMPILATION_CONDITIONS = DEBUG;
				SWIFT_OPTIMIZATION_LEVEL = "-Onone";
			};
			name = Debug;
		};
		36B4C6C325C87DC3003A53B7 /* Release */ = {
			isa = XCBuildConfiguration;
			buildSettings = {
				ALWAYS_SEARCH_USER_PATHS = NO;
				CLANG_ANALYZER_NONNULL = YES;
				CLANG_ANALYZER_NUMBER_OBJECT_CONVERSION = YES_AGGRESSIVE;
				CLANG_CXX_LANGUAGE_STANDARD = "gnu++14";
				CLANG_CXX_LIBRARY = "libc++";
				CLANG_ENABLE_MODULES = YES;
				CLANG_ENABLE_OBJC_ARC = YES;
				CLANG_ENABLE_OBJC_WEAK = YES;
				CLANG_WARN_BLOCK_CAPTURE_AUTORELEASING = YES;
				CLANG_WARN_BOOL_CONVERSION = YES;
				CLANG_WARN_COMMA = YES;
				CLANG_WARN_CONSTANT_CONVERSION = YES;
				CLANG_WARN_DEPRECATED_OBJC_IMPLEMENTATIONS = YES;
				CLANG_WARN_DIRECT_OBJC_ISA_USAGE = YES_ERROR;
				CLANG_WARN_DOCUMENTATION_COMMENTS = YES;
				CLANG_WARN_EMPTY_BODY = YES;
				CLANG_WARN_ENUM_CONVERSION = YES;
				CLANG_WARN_INFINITE_RECURSION = YES;
				CLANG_WARN_INT_CONVERSION = YES;
				CLANG_WARN_NON_LITERAL_NULL_CONVERSION = YES;
				CLANG_WARN_OBJC_IMPLICIT_RETAIN_SELF = YES;
				CLANG_WARN_OBJC_LITERAL_CONVERSION = YES;
				CLANG_WARN_OBJC_ROOT_CLASS = YES_ERROR;
				CLANG_WARN_QUOTED_INCLUDE_IN_FRAMEWORK_HEADER = YES;
				CLANG_WARN_RANGE_LOOP_ANALYSIS = YES;
				CLANG_WARN_STRICT_PROTOTYPES = YES;
				CLANG_WARN_SUSPICIOUS_MOVE = YES;
				CLANG_WARN_UNGUARDED_AVAILABILITY = YES_AGGRESSIVE;
				CLANG_WARN_UNREACHABLE_CODE = YES;
				CLANG_WARN__DUPLICATE_METHOD_MATCH = YES;
				COPY_PHASE_STRIP = NO;
				DEBUG_INFORMATION_FORMAT = "dwarf-with-dsym";
				ENABLE_NS_ASSERTIONS = NO;
				ENABLE_STRICT_OBJC_MSGSEND = YES;
				GCC_C_LANGUAGE_STANDARD = gnu11;
				GCC_NO_COMMON_BLOCKS = YES;
				GCC_WARN_64_TO_32_BIT_CONVERSION = YES;
				GCC_WARN_ABOUT_RETURN_TYPE = YES_ERROR;
				GCC_WARN_UNDECLARED_SELECTOR = YES;
				GCC_WARN_UNINITIALIZED_AUTOS = YES_AGGRESSIVE;
				GCC_WARN_UNUSED_FUNCTION = YES;
				GCC_WARN_UNUSED_VARIABLE = YES;
				IPHONEOS_DEPLOYMENT_TARGET = 14.4;
				MTL_ENABLE_DEBUG_INFO = NO;
				MTL_FAST_MATH = YES;
				SDKROOT = iphoneos;
				SWIFT_COMPILATION_MODE = wholemodule;
				SWIFT_OPTIMIZATION_LEVEL = "-O";
				VALIDATE_PRODUCT = YES;
			};
			name = Release;
		};
		36B4C6C525C87DC3003A53B7 /* Debug */ = {
			isa = XCBuildConfiguration;
			buildSettings = {
				ASSETCATALOG_COMPILER_APPICON_NAME = AppIcon;
				ASSETCATALOG_COMPILER_GLOBAL_ACCENT_COLOR_NAME = AccentColor;
				CODE_SIGN_STYLE = Automatic;
				INFOPLIST_FILE = PreWork/Info.plist;
				LD_RUNPATH_SEARCH_PATHS = (
					"$(inherited)",
					"@executable_path/Frameworks",
				);
				PRODUCT_BUNDLE_IDENTIFIER = com.daawdad.PreWork;
				PRODUCT_NAME = "$(TARGET_NAME)";
				SWIFT_VERSION = 5.0;
				TARGETED_DEVICE_FAMILY = "1,2";
			};
			name = Debug;
		};
		36B4C6C625C87DC3003A53B7 /* Release */ = {
			isa = XCBuildConfiguration;
			buildSettings = {
				ASSETCATALOG_COMPILER_APPICON_NAME = AppIcon;
				ASSETCATALOG_COMPILER_GLOBAL_ACCENT_COLOR_NAME = AccentColor;
				CODE_SIGN_STYLE = Automatic;
				INFOPLIST_FILE = PreWork/Info.plist;
				LD_RUNPATH_SEARCH_PATHS = (
					"$(inherited)",
					"@executable_path/Frameworks",
				);
				PRODUCT_BUNDLE_IDENTIFIER = com.daawdad.PreWork;
				PRODUCT_NAME = "$(TARGET_NAME)";
				SWIFT_VERSION = 5.0;
				TARGETED_DEVICE_FAMILY = "1,2";
			};
			name = Release;
		};
/* End XCBuildConfiguration section */

/* Begin XCConfigurationList section */
		36B4C6AB25C87DBF003A53B7 /* Build configuration list for PBXProject "PreWork" */ = {
			isa = XCConfigurationList;
			buildConfigurations = (
				36B4C6C225C87DC3003A53B7 /* Debug */,
				36B4C6C325C87DC3003A53B7 /* Release */,
			);
			defaultConfigurationIsVisible = 0;
			defaultConfigurationName = Release;
		};
		36B4C6C425C87DC3003A53B7 /* Build configuration list for PBXNativeTarget "PreWork" */ = {
			isa = XCConfigurationList;
			buildConfigurations = (
				36B4C6C525C87DC3003A53B7 /* Debug */,
				36B4C6C625C87DC3003A53B7 /* Release */,
			);
			defaultConfigurationIsVisible = 0;
			defaultConfigurationName = Release;
		};
/* End XCConfigurationList section */
	};
	rootObject = 36B4C6A825C87DBF003A53B7 /* Project object */;
}
